
Microsoft Visual Studio Solution File, Format Version 12.00
# Visual Studio 2017
Project("{FAE04EC0-301F-11D3-BF4B-00C04F79EFBC}") = "ClientApp", "ClientApp.csproj", "{F7AEE15F-1878-870B-3126-37E3D23187CF}"
EndProject
Global
	GlobalSection(SolutionConfigurationPlatforms) = preSolution
		Debug|Any CPU = Debug|Any CPU
		Release|Any CPU = Release|Any CPU
	EndGlobalSection
	GlobalSection(ProjectConfigurationPlatforms) = postSolution
		{F7AEE15F-1878-870B-3126-37E3D23187CF}.Debug|Any CPU.ActiveCfg = Debug|Any CPU
		{F7AEE15F-1878-870B-3126-37E3D23187CF}.Debug|Any CPU.Build.0 = Debug|Any CPU
		{F7AEE15F-1878-870B-3126-37E3D23187CF}.Release|Any CPU.ActiveCfg = Release|Any CPU
		{F7AEE15F-1878-870B-3126-37E3D23187CF}.Release|Any CPU.Build.0 = Release|Any CPU
	EndGlobalSection
	GlobalSection(SolutionProperties) = preSolution
		HideSolutionNode = FALSE
	EndGlobalSection
EndGlobal
